
Microsoft Visual Studio Solution File, Format Version 12.00
# Visual Studio Version 17
VisualStudioVersion = 17.7.34009.444
MinimumVisualStudioVersion = 10.0.40219.1
Project("{FAE04EC0-301F-11D3-BF4B-00C04F79EFBC}") = "오픈 API - 과제", "오픈 API - 과제\오픈 API - 과제.csproj", "{20FD3969-0EED-4DC1-A567-184BFECE3211}"
EndProject
Global
	GlobalSection(SolutionConfigurationPlatforms) = preSolution
		Debug|Any CPU = Debug|Any CPU
		Release|Any CPU = Release|Any CPU
	EndGlobalSection
	GlobalSection(ProjectConfigurationPlatforms) = postSolution
		{20FD3969-0EED-4DC1-A567-184BFECE3211}.Debug|Any CPU.ActiveCfg = Debug|Any CPU
		{20FD3969-0EED-4DC1-A567-184BFECE3211}.Debug|Any CPU.Build.0 = Debug|Any CPU
		{20FD3969-0EED-4DC1-A567-184BFECE3211}.Release|Any CPU.ActiveCfg = Release|Any CPU
		{20FD3969-0EED-4DC1-A567-184BFECE3211}.Release|Any CPU.Build.0 = Release|Any CPU
	EndGlobalSection
	GlobalSection(SolutionProperties) = preSolution
		HideSolutionNode = FALSE
	EndGlobalSection
	GlobalSection(ExtensibilityGlobals) = postSolution
		SolutionGuid = {C83F887D-20E7-46C8-961F-79EA005EB6DC}
	EndGlobalSection
EndGlobal
